
Microsoft Visual Studio Solution File, Format Version 12.00
# Visual Studio Version 17
VisualStudioVersion = 17.0.31903.59
MinimumVisualStudioVersion = 10.0.40219.1
Project("{2150E333-8FDC-42A3-9474-1A3956D46DE8}") = "dotnet", "dotnet", "{71E6E750-85FD-B5BC-4321-E01377EC6231}"
EndProject
Project("{FAE04EC0-301F-11D3-BF4B-00C04F79EFBC}") = "Grafting.Isekai.Interop", "dotnet\Grafting.Isekai.Interop\Grafting.Isekai.Interop.csproj", "{CFECEFB1-7BCA-4E0B-A240-344FA5A7F5C3}"
EndProject
Project("{FAE04EC0-301F-11D3-BF4B-00C04F79EFBC}") = "Grafting.Isekai.Interop.Tests", "dotnet\Grafting.Isekai.Interop.Tests\Grafting.Isekai.Interop.Tests.csproj", "{0F9DD38B-5F6E-4ABB-A342-0FC094839039}"
EndProject
Global
	GlobalSection(SolutionConfigurationPlatforms) = preSolution
		Debug|Any CPU = Debug|Any CPU
		Debug|x64 = Debug|x64
		Debug|x86 = Debug|x86
		Release|Any CPU = Release|Any CPU
		Release|x64 = Release|x64
		Release|x86 = Release|x86
	EndGlobalSection
	GlobalSection(ProjectConfigurationPlatforms) = postSolution
		{CFECEFB1-7BCA-4E0B-A240-344FA5A7F5C3}.Debug|Any CPU.ActiveCfg = Debug|Any CPU
		{CFECEFB1-7BCA-4E0B-A240-344FA5A7F5C3}.Debug|Any CPU.Build.0 = Debug|Any CPU
		{CFECEFB1-7BCA-4E0B-A240-344FA5A7F5C3}.Debug|x64.ActiveCfg = Debug|Any CPU
		{CFECEFB1-7BCA-4E0B-A240-344FA5A7F5C3}.Debug|x64.Build.0 = Debug|Any CPU
		{CFECEFB1-7BCA-4E0B-A240-344FA5A7F5C3}.Debug|x86.ActiveCfg = Debug|Any CPU
		{CFECEFB1-7BCA-4E0B-A240-344FA5A7F5C3}.Debug|x86.Build.0 = Debug|Any CPU
		{CFECEFB1-7BCA-4E0B-A240-344FA5A7F5C3}.Release|Any CPU.ActiveCfg = Release|Any CPU
		{CFECEFB1-7BCA-4E0B-A240-344FA5A7F5C3}.Release|Any CPU.Build.0 = Release|Any CPU
		{CFECEFB1-7BCA-4E0B-A240-344FA5A7F5C3}.Release|x64.ActiveCfg = Release|Any CPU
		{CFECEFB1-7BCA-4E0B-A240-344FA5A7F5C3}.Release|x64.Build.0 = Release|Any CPU
		{CFECEFB1-7BCA-4E0B-A240-344FA5A7F5C3}.Release|x86.ActiveCfg = Release|Any CPU
		{CFECEFB1-7BCA-4E0B-A240-344FA5A7F5C3}.Release|x86.Build.0 = Release|Any CPU
		{0F9DD38B-5F6E-4ABB-A342-0FC094839039}.Debug|Any CPU.ActiveCfg = Debug|Any CPU
		{0F9DD38B-5F6E-4ABB-A342-0FC094839039}.Debug|Any CPU.Build.0 = Debug|Any CPU
		{0F9DD38B-5F6E-4ABB-A342-0FC094839039}.Debug|x64.ActiveCfg = Debug|Any CPU
		{0F9DD38B-5F6E-4ABB-A342-0FC094839039}.Debug|x64.Build.0 = Debug|Any CPU
		{0F9DD38B-5F6E-4ABB-A342-0FC094839039}.Debug|x86.ActiveCfg = Debug|Any CPU
		{0F9DD38B-5F6E-4ABB-A342-0FC094839039}.Debug|x86.Build.0 = Debug|Any CPU
		{0F9DD38B-5F6E-4ABB-A342-0FC094839039}.Release|Any CPU.ActiveCfg = Release|Any CPU
		{0F9DD38B-5F6E-4ABB-A342-0FC094839039}.Release|Any CPU.Build.0 = Release|Any CPU
		{0F9DD38B-5F6E-4ABB-A342-0FC094839039}.Release|x64.ActiveCfg = Release|Any CPU
		{0F9DD38B-5F6E-4ABB-A342-0FC094839039}.Release|x64.Build.0 = Release|Any CPU
		{0F9DD38B-5F6E-4ABB-A342-0FC094839039}.Release|x86.ActiveCfg = Release|Any CPU
		{0F9DD38B-5F6E-4ABB-A342-0FC094839039}.Release|x86.Build.0 = Release|Any CPU
	EndGlobalSection
	GlobalSection(SolutionProperties) = preSolution
		HideSolutionNode = FALSE
	EndGlobalSection
	GlobalSection(NestedProjects) = preSolution
		{CFECEFB1-7BCA-4E0B-A240-344FA5A7F5C3} = {71E6E750-85FD-B5BC-4321-E01377EC6231}
		{0F9DD38B-5F6E-4ABB-A342-0FC094839039} = {71E6E750-85FD-B5BC-4321-E01377EC6231}
	EndGlobalSection
EndGlobal
